
Microsoft Visual Studio Solution File, Format Version 12.00
# Visual Studio Version 16
VisualStudioVersion = 16.0.31105.61
MinimumVisualStudioVersion = 10.0.40219.1
Project("{9A19103F-16F7-4668-BE54-9A1E7A4F7556}") = "Business", "Business\Business.csproj", "{6DC8FFE5-19E0-4765-8898-F96D6400498F}"
EndProject
Project("{9A19103F-16F7-4668-BE54-9A1E7A4F7556}") = "DataAccess", "DataAccess\DataAccess.csproj", "{27496214-EEF2-4B8A-AA1B-62422FA49E8A}"
EndProject
Project("{9A19103F-16F7-4668-BE54-9A1E7A4F7556}") = "Entities", "Entities\Entities.csproj", "{2667B410-405D-493B-B605-F2D27CA39EE1}"
EndProject
Project("{9A19103F-16F7-4668-BE54-9A1E7A4F7556}") = "ConsoleUI", "ConsoleUI\ConsoleUI.csproj", "{2F0F76A7-DC56-4A2C-ADF7-2AE95E7A67F4}"
EndProject
Project("{9A19103F-16F7-4668-BE54-9A1E7A4F7556}") = "Core", "Core\Core.csproj", "{3E449818-11ED-4034-BC5E-E2533EBECD34}"
EndProject
Project("{FAE04EC0-301F-11D3-BF4B-00C04F79EFBC}") = "WebAPI", "WebAPI\WebAPI.csproj", "{45E11B71-0CB1-4A6B-A938-5B9B5A13733D}"
EndProject
Global
	GlobalSection(SolutionConfigurationPlatforms) = preSolution
		Debug|Any CPU = Debug|Any CPU
		Release|Any CPU = Release|Any CPU
	EndGlobalSection
	GlobalSection(ProjectConfigurationPlatforms) = postSolution
		{6DC8FFE5-19E0-4765-8898-F96D6400498F}.Debug|Any CPU.ActiveCfg = Debug|Any CPU
		{6DC8FFE5-19E0-4765-8898-F96D6400498F}.Debug|Any CPU.Build.0 = Debug|Any CPU
		{6DC8FFE5-19E0-4765-8898-F96D6400498F}.Release|Any CPU.ActiveCfg = Release|Any CPU
		{6DC8FFE5-19E0-4765-8898-F96D6400498F}.Release|Any CPU.Build.0 = Release|Any CPU
		{27496214-EEF2-4B8A-AA1B-62422FA49E8A}.Debug|Any CPU.ActiveCfg = Debug|Any CPU
		{27496214-EEF2-4B8A-AA1B-62422FA49E8A}.Debug|Any CPU.Build.0 = Debug|Any CPU
		{27496214-EEF2-4B8A-AA1B-62422FA49E8A}.Release|Any CPU.ActiveCfg = Release|Any CPU
		{27496214-EEF2-4B8A-AA1B-62422FA49E8A}.Release|Any CPU.Build.0 = Release|Any CPU
		{2667B410-405D-493B-B605-F2D27CA39EE1}.Debug|Any CPU.ActiveCfg = Debug|Any CPU
		{2667B410-405D-493B-B605-F2D27CA39EE1}.Debug|Any CPU.Build.0 = Debug|Any CPU
		{2667B410-405D-493B-B605-F2D27CA39EE1}.Release|Any CPU.ActiveCfg = Release|Any CPU
		{2667B410-405D-493B-B605-F2D27CA39EE1}.Release|Any CPU.Build.0 = Release|Any CPU
		{2F0F76A7-DC56-4A2C-ADF7-2AE95E7A67F4}.Debug|Any CPU.ActiveCfg = Debug|Any CPU
		{2F0F76A7-DC56-4A2C-ADF7-2AE95E7A67F4}.Debug|Any CPU.Build.0 = Debug|Any CPU
		{2F0F76A7-DC56-4A2C-ADF7-2AE95E7A67F4}.Release|Any CPU.ActiveCfg = Release|Any CPU
		{2F0F76A7-DC56-4A2C-ADF7-2AE95E7A67F4}.Release|Any CPU.Build.0 = Release|Any CPU
		{3E449818-11ED-4034-BC5E-E2533EBECD34}.Debug|Any CPU.ActiveCfg = Debug|Any CPU
		{3E449818-11ED-4034-BC5E-E2533EBECD34}.Debug|Any CPU.Build.0 = Debug|Any CPU
		{3E449818-11ED-4034-BC5E-E2533EBECD34}.Release|Any CPU.ActiveCfg = Release|Any CPU
		{3E449818-11ED-4034-BC5E-E2533EBECD34}.Release|Any CPU.Build.0 = Release|Any CPU
		{45E11B71-0CB1-4A6B-A938-5B9B5A13733D}.Debug|Any CPU.ActiveCfg = Debug|Any CPU
		{45E11B71-0CB1-4A6B-A938-5B9B5A13733D}.Debug|Any CPU.Build.0 = Debug|Any CPU
		{45E11B71-0CB1-4A6B-A938-5B9B5A13733D}.Release|Any CPU.ActiveCfg = Release|Any CPU
		{45E11B71-0CB1-4A6B-A938-5B9B5A13733D}.Release|Any CPU.Build.0 = Release|Any CPU
	EndGlobalSection
	GlobalSection(SolutionProperties) = preSolution
		HideSolutionNode = FALSE
	EndGlobalSection
	GlobalSection(ExtensibilityGlobals) = postSolution
		SolutionGuid = {BBBEBB7D-722D-42C2-9F5C-475424451914}
	EndGlobalSection
EndGlobal
